
Microsoft Visual Studio Solution File, Format Version 12.00
# Visual Studio 15
VisualStudioVersion = 15.0.27130.2010
MinimumVisualStudioVersion = 10.0.40219.1
Project("{FAE04EC0-301F-11D3-BF4B-00C04F79EFBC}") = "WordIterating", "WordIterating\WordIterating.csproj", "{01574F69-7E9D-460D-AAA5-5A18940A85DE}"
EndProject
Project("{FAE04EC0-301F-11D3-BF4B-00C04F79EFBC}") = "WordIteratingTests", "WordIteratingTests\WordIteratingTests.csproj", "{CF5187F6-7028-44D4-ADDB-12B8781B48FF}"
EndProject
Global
	GlobalSection(SolutionConfigurationPlatforms) = preSolution
		Debug|Any CPU = Debug|Any CPU
		Release|Any CPU = Release|Any CPU
	EndGlobalSection
	GlobalSection(ProjectConfigurationPlatforms) = postSolution
		{01574F69-7E9D-460D-AAA5-5A18940A85DE}.Debug|Any CPU.ActiveCfg = Debug|Any CPU
		{01574F69-7E9D-460D-AAA5-5A18940A85DE}.Debug|Any CPU.Build.0 = Debug|Any CPU
		{01574F69-7E9D-460D-AAA5-5A18940A85DE}.Release|Any CPU.ActiveCfg = Release|Any CPU
		{01574F69-7E9D-460D-AAA5-5A18940A85DE}.Release|Any CPU.Build.0 = Release|Any CPU
		{CF5187F6-7028-44D4-ADDB-12B8781B48FF}.Debug|Any CPU.ActiveCfg = Debug|Any CPU
		{CF5187F6-7028-44D4-ADDB-12B8781B48FF}.Debug|Any CPU.Build.0 = Debug|Any CPU
		{CF5187F6-7028-44D4-ADDB-12B8781B48FF}.Release|Any CPU.ActiveCfg = Release|Any CPU
		{CF5187F6-7028-44D4-ADDB-12B8781B48FF}.Release|Any CPU.Build.0 = Release|Any CPU
	EndGlobalSection
	GlobalSection(SolutionProperties) = preSolution
		HideSolutionNode = FALSE
	EndGlobalSection
	GlobalSection(ExtensibilityGlobals) = postSolution
		SolutionGuid = {F2B1D7A3-2608-427A-AC69-BF4BBB3991F4}
	EndGlobalSection
EndGlobal
